{
  "nodes": {
    "nixpkgs": {
      "locked": {
        "lastModified": 1723938990,
        "narHash": "sha256-9tUadhnZQbWIiYVXH8ncfGXGvkNq3Hag4RCBEMUk7MI=",
        "path": "/nix/store/wbqb2mw5kmh9bf04aqbd84c3j6a280h8-source",
        "rev": "c42fcfbdfeae23e68fc520f9182dde9f38ad1890",
        "type": "path"
      },
      "original": {
        "id": "nixpkgs",
        "type": "indirect"
      }
    },
    "root": {
      "inputs": {
        "nixpkgs": "nixpkgs"
      }
    }
  },
  "root": "root",
  "version": 7
}
